
Microsoft Visual Studio Solution File, Format Version 12.00
# Visual Studio Version 17
VisualStudioVersion = 17.9.34622.214
MinimumVisualStudioVersion = 10.0.40219.1
Project("{FAE04EC0-301F-11D3-BF4B-00C04F79EFBC}") = "EXandIM.Web", "EXandIM.Web\EXandIM.Web.csproj", "{3EA5D39D-31D6-4BA6-B84C-DD2FB3083F16}"
EndProject
Global
	GlobalSection(SolutionConfigurationPlatforms) = preSolution
		Debug|Any CPU = Debug|Any CPU
		Release|Any CPU = Release|Any CPU
	EndGlobalSection
	GlobalSection(ProjectConfigurationPlatforms) = postSolution
		{3EA5D39D-31D6-4BA6-B84C-DD2FB3083F16}.Debug|Any CPU.ActiveCfg = Debug|Any CPU
		{3EA5D39D-31D6-4BA6-B84C-DD2FB3083F16}.Debug|Any CPU.Build.0 = Debug|Any CPU
		{3EA5D39D-31D6-4BA6-B84C-DD2FB3083F16}.Release|Any CPU.ActiveCfg = Release|Any CPU
		{3EA5D39D-31D6-4BA6-B84C-DD2FB3083F16}.Release|Any CPU.Build.0 = Release|Any CPU
	EndGlobalSection
	GlobalSection(SolutionProperties) = preSolution
		HideSolutionNode = FALSE
	EndGlobalSection
	GlobalSection(ExtensibilityGlobals) = postSolution
		SolutionGuid = {6DFCD23B-9E59-4F9E-A9FF-758723732BBC}
	EndGlobalSection
EndGlobal
